
Microsoft Visual Studio Solution File, Format Version 12.00
# Visual Studio Version 16
VisualStudioVersion = 16.0.28803.352
MinimumVisualStudioVersion = 10.0.40219.1
Project("{FAE04EC0-301F-11D3-BF4B-00C04F79EFBC}") = "ConsoleProgram", "ConsoleProgram\ConsoleProgram.csproj", "{843BC513-A381-4D12-B078-3D464431D582}"
	ProjectSection(ProjectDependencies) = postProject
		{EC82740D-0F50-4F76-BB4C-CDB72BF89272} = {EC82740D-0F50-4F76-BB4C-CDB72BF89272}
		{A684FC0D-DA94-4708-8CFE-8A84C59766A3} = {A684FC0D-DA94-4708-8CFE-8A84C59766A3}
		{16B40B66-CFB5-449F-AD9E-967479D09014} = {16B40B66-CFB5-449F-AD9E-967479D09014}
	EndProjectSection
EndProject
Project("{FAE04EC0-301F-11D3-BF4B-00C04F79EFBC}") = "Math", "Math\Math.csproj", "{16B40B66-CFB5-449F-AD9E-967479D09014}"
EndProject
Project("{FAE04EC0-301F-11D3-BF4B-00C04F79EFBC}") = "HackerRank", "HackerRank\HackerRank.csproj", "{A684FC0D-DA94-4708-8CFE-8A84C59766A3}"
	ProjectSection(ProjectDependencies) = postProject
		{E7E80F4F-6B18-412F-96DC-52E74F3147D1} = {E7E80F4F-6B18-412F-96DC-52E74F3147D1}
	EndProjectSection
EndProject
Project("{FAE04EC0-301F-11D3-BF4B-00C04F79EFBC}") = "Garbage", "Garbage\Garbage.csproj", "{EC82740D-0F50-4F76-BB4C-CDB72BF89272}"
EndProject
Project("{FAE04EC0-301F-11D3-BF4B-00C04F79EFBC}") = "Utilities", "Utilities\Utilities.csproj", "{E7E80F4F-6B18-412F-96DC-52E74F3147D1}"
EndProject
Project("{FAE04EC0-301F-11D3-BF4B-00C04F79EFBC}") = "PerformanceTesting", "PerformanceTesting\PerformanceTesting.csproj", "{52A31997-9369-4B49-97BF-285359932D91}"
EndProject
Global
	GlobalSection(SolutionConfigurationPlatforms) = preSolution
		Debug|Any CPU = Debug|Any CPU
		Release|Any CPU = Release|Any CPU
	EndGlobalSection
	GlobalSection(ProjectConfigurationPlatforms) = postSolution
		{843BC513-A381-4D12-B078-3D464431D582}.Debug|Any CPU.ActiveCfg = Debug|Any CPU
		{843BC513-A381-4D12-B078-3D464431D582}.Debug|Any CPU.Build.0 = Debug|Any CPU
		{843BC513-A381-4D12-B078-3D464431D582}.Release|Any CPU.ActiveCfg = Release|Any CPU
		{843BC513-A381-4D12-B078-3D464431D582}.Release|Any CPU.Build.0 = Release|Any CPU
		{16B40B66-CFB5-449F-AD9E-967479D09014}.Debug|Any CPU.ActiveCfg = Debug|Any CPU
		{16B40B66-CFB5-449F-AD9E-967479D09014}.Debug|Any CPU.Build.0 = Debug|Any CPU
		{16B40B66-CFB5-449F-AD9E-967479D09014}.Release|Any CPU.ActiveCfg = Release|Any CPU
		{16B40B66-CFB5-449F-AD9E-967479D09014}.Release|Any CPU.Build.0 = Release|Any CPU
		{A684FC0D-DA94-4708-8CFE-8A84C59766A3}.Debug|Any CPU.ActiveCfg = Debug|Any CPU
		{A684FC0D-DA94-4708-8CFE-8A84C59766A3}.Debug|Any CPU.Build.0 = Debug|Any CPU
		{A684FC0D-DA94-4708-8CFE-8A84C59766A3}.Release|Any CPU.ActiveCfg = Release|Any CPU
		{A684FC0D-DA94-4708-8CFE-8A84C59766A3}.Release|Any CPU.Build.0 = Release|Any CPU
		{EC82740D-0F50-4F76-BB4C-CDB72BF89272}.Debug|Any CPU.ActiveCfg = Debug|Any CPU
		{EC82740D-0F50-4F76-BB4C-CDB72BF89272}.Debug|Any CPU.Build.0 = Debug|Any CPU
		{EC82740D-0F50-4F76-BB4C-CDB72BF89272}.Release|Any CPU.ActiveCfg = Release|Any CPU
		{EC82740D-0F50-4F76-BB4C-CDB72BF89272}.Release|Any CPU.Build.0 = Release|Any CPU
		{E7E80F4F-6B18-412F-96DC-52E74F3147D1}.Debug|Any CPU.ActiveCfg = Debug|Any CPU
		{E7E80F4F-6B18-412F-96DC-52E74F3147D1}.Debug|Any CPU.Build.0 = Debug|Any CPU
		{E7E80F4F-6B18-412F-96DC-52E74F3147D1}.Release|Any CPU.ActiveCfg = Release|Any CPU
		{E7E80F4F-6B18-412F-96DC-52E74F3147D1}.Release|Any CPU.Build.0 = Release|Any CPU
		{52A31997-9369-4B49-97BF-285359932D91}.Debug|Any CPU.ActiveCfg = Debug|Any CPU
		{52A31997-9369-4B49-97BF-285359932D91}.Debug|Any CPU.Build.0 = Debug|Any CPU
		{52A31997-9369-4B49-97BF-285359932D91}.Release|Any CPU.ActiveCfg = Release|Any CPU
		{52A31997-9369-4B49-97BF-285359932D91}.Release|Any CPU.Build.0 = Release|Any CPU
	EndGlobalSection
	GlobalSection(SolutionProperties) = preSolution
		HideSolutionNode = FALSE
	EndGlobalSection
	GlobalSection(ExtensibilityGlobals) = postSolution
		SolutionGuid = {35AEC8F2-4EE7-4891-820A-E5E08148DAD8}
	EndGlobalSection
EndGlobal
